
Microsoft Visual Studio Solution File, Format Version 12.00
# Visual Studio Version 16
VisualStudioVersion = 16.0.29613.14
MinimumVisualStudioVersion = 10.0.40219.1
Project("{FAE04EC0-301F-11D3-BF4B-00C04F79EFBC}") = "LogoMaker", "LogoMaker\LogoMaker.csproj", "{3C8B3E3B-9DA2-43E8-950A-9F34654FA55B}"
EndProject
Global
	GlobalSection(SolutionConfigurationPlatforms) = preSolution
		Debug|Any CPU = Debug|Any CPU
		Release|Any CPU = Release|Any CPU
	EndGlobalSection
	GlobalSection(ProjectConfigurationPlatforms) = postSolution
		{3C8B3E3B-9DA2-43E8-950A-9F34654FA55B}.Debug|Any CPU.ActiveCfg = Debug|Any CPU
		{3C8B3E3B-9DA2-43E8-950A-9F34654FA55B}.Debug|Any CPU.Build.0 = Debug|Any CPU
		{3C8B3E3B-9DA2-43E8-950A-9F34654FA55B}.Release|Any CPU.ActiveCfg = Release|Any CPU
		{3C8B3E3B-9DA2-43E8-950A-9F34654FA55B}.Release|Any CPU.Build.0 = Release|Any CPU
	EndGlobalSection
	GlobalSection(SolutionProperties) = preSolution
		HideSolutionNode = FALSE
	EndGlobalSection
	GlobalSection(ExtensibilityGlobals) = postSolution
		SolutionGuid = {50E3A5DE-5659-4FC5-8928-07959EF9D8FA}
	EndGlobalSection
EndGlobal
